
Microsoft Visual Studio Solution File, Format Version 12.00
# Visual Studio Version 17
VisualStudioVersion = 17.13.35818.85
MinimumVisualStudioVersion = 10.0.40219.1
Project("{FAE04EC0-301F-11D3-BF4B-00C04F79EFBC}") = "image-resizer", "image-resizer.csproj", "{AE54907C-3B9D-4FDE-8FD1-98EF6FA2D80C}"
EndProject
Global
	GlobalSection(SolutionConfigurationPlatforms) = preSolution
		Debug|Any CPU = Debug|Any CPU
		Release|Any CPU = Release|Any CPU
	EndGlobalSection
	GlobalSection(ProjectConfigurationPlatforms) = postSolution
		{AE54907C-3B9D-4FDE-8FD1-98EF6FA2D80C}.Debug|Any CPU.ActiveCfg = Debug|Any CPU
		{AE54907C-3B9D-4FDE-8FD1-98EF6FA2D80C}.Debug|Any CPU.Build.0 = Debug|Any CPU
		{AE54907C-3B9D-4FDE-8FD1-98EF6FA2D80C}.Release|Any CPU.ActiveCfg = Release|Any CPU
		{AE54907C-3B9D-4FDE-8FD1-98EF6FA2D80C}.Release|Any CPU.Build.0 = Release|Any CPU
	EndGlobalSection
	GlobalSection(SolutionProperties) = preSolution
		HideSolutionNode = FALSE
	EndGlobalSection
	GlobalSection(ExtensibilityGlobals) = postSolution
		SolutionGuid = {5175C968-B5DA-41A9-8370-98DA3CAEDD4D}
	EndGlobalSection
EndGlobal
